
Microsoft Visual Studio Solution File, Format Version 12.00
# Visual Studio Version 16
VisualStudioVersion = 16.0.31205.134
MinimumVisualStudioVersion = 10.0.40219.1
Project("{FAE04EC0-301F-11D3-BF4B-00C04F79EFBC}") = "RockBand", "RockBand.csproj", "{5380AD49-FE7A-4E93-B6B9-F2837D047EF5}"
EndProject
Global
	GlobalSection(SolutionConfigurationPlatforms) = preSolution
		Debug|Any CPU = Debug|Any CPU
		Release|Any CPU = Release|Any CPU
	EndGlobalSection
	GlobalSection(ProjectConfigurationPlatforms) = postSolution
		{5380AD49-FE7A-4E93-B6B9-F2837D047EF5}.Debug|Any CPU.ActiveCfg = Debug|Any CPU
		{5380AD49-FE7A-4E93-B6B9-F2837D047EF5}.Debug|Any CPU.Build.0 = Debug|Any CPU
		{5380AD49-FE7A-4E93-B6B9-F2837D047EF5}.Release|Any CPU.ActiveCfg = Release|Any CPU
		{5380AD49-FE7A-4E93-B6B9-F2837D047EF5}.Release|Any CPU.Build.0 = Release|Any CPU
	EndGlobalSection
	GlobalSection(SolutionProperties) = preSolution
		HideSolutionNode = FALSE
	EndGlobalSection
	GlobalSection(ExtensibilityGlobals) = postSolution
		SolutionGuid = {13771880-E750-4FC6-B2F9-AD62D6DE3C8F}
	EndGlobalSection
EndGlobal
